// !$*UTF8*$!
{
	archiveVersion = 1;
	classes = {
	};
	objectVersion = 56;
	objects = {

/* Begin PBXBuildFile section */
		8EF398BB2AC2372400DE6ABC /* SerizanApp.swift in Sources */ = {isa = PBXBuildFile; fileRef = 8EF398BA2AC2372400DE6ABC /* SerizanApp.swift */; };
		8EF398BD2AC2372400DE6ABC /* ContentView.swift in Sources */ = {isa = PBXBuildFile; fileRef = 8EF398BC2AC2372400DE6ABC /* ContentView.swift */; };
		8EF398BF2AC2372700DE6ABC /* Assets.xcassets in Resources */ = {isa = PBXBuildFile; fileRef = 8EF398BE2AC2372700DE6ABC /* Assets.xcassets */; };
		8EF398C22AC2372700DE6ABC /* Preview Assets.xcassets in Resources */ = {isa = PBXBuildFile; fileRef = 8EF398C12AC2372700DE6ABC /* Preview Assets.xcassets */; };
		8EF398CA2AC2380700DE6ABC /* NavegacaoView.swift in Sources */ = {isa = PBXBuildFile; fileRef = 8EF398C92AC2380700DE6ABC /* NavegacaoView.swift */; };
		8EF398CC2AC2381A00DE6ABC /* HomeView.swift in Sources */ = {isa = PBXBuildFile; fileRef = 8EF398CB2AC2381A00DE6ABC /* HomeView.swift */; };
		8EF398CE2AC2382900DE6ABC /* PesquisarView.swift in Sources */ = {isa = PBXBuildFile; fileRef = 8EF398CD2AC2382900DE6ABC /* PesquisarView.swift */; };
		8EF398D02AC2383A00DE6ABC /* FavoritosView.swift in Sources */ = {isa = PBXBuildFile; fileRef = 8EF398CF2AC2383A00DE6ABC /* FavoritosView.swift */; };
		8EF398D22AC2384E00DE6ABC /* PerfilView.swift in Sources */ = {isa = PBXBuildFile; fileRef = 8EF398D12AC2384E00DE6ABC /* PerfilView.swift */; };
/* End PBXBuildFile section */

/* Begin PBXFileReference section */
		8EF398B72AC2372400DE6ABC /* Serizan.app */ = {isa = PBXFileReference; explicitFileType = wrapper.application; includeInIndex = 0; path = Serizan.app; sourceTree = BUILT_PRODUCTS_DIR; };
		8EF398BA2AC2372400DE6ABC /* SerizanApp.swift */ = {isa = PBXFileReference; lastKnownFileType = sourcecode.swift; path = SerizanApp.swift; sourceTree = "<group>"; };
		8EF398BC2AC2372400DE6ABC /* ContentView.swift */ = {isa = PBXFileReference; lastKnownFileType = sourcecode.swift; path = ContentView.swift; sourceTree = "<group>"; };
		8EF398BE2AC2372700DE6ABC /* Assets.xcassets */ = {isa = PBXFileReference; lastKnownFileType = folder.assetcatalog; path = Assets.xcassets; sourceTree = "<group>"; };
		8EF398C12AC2372700DE6ABC /* Preview Assets.xcassets */ = {isa = PBXFileReference; lastKnownFileType = folder.assetcatalog; path = "Preview Assets.xcassets"; sourceTree = "<group>"; };
		8EF398C92AC2380700DE6ABC /* NavegacaoView.swift */ = {isa = PBXFileReference; lastKnownFileType = sourcecode.swift; path = NavegacaoView.swift; sourceTree = "<group>"; };
		8EF398CB2AC2381A00DE6ABC /* HomeView.swift */ = {isa = PBXFileReference; lastKnownFileType = sourcecode.swift; path = HomeView.swift; sourceTree = "<group>"; };
		8EF398CD2AC2382900DE6ABC /* PesquisarView.swift */ = {isa = PBXFileReference; lastKnownFileType = sourcecode.swift; path = PesquisarView.swift; sourceTree = "<group>"; };
		8EF398CF2AC2383A00DE6ABC /* FavoritosView.swift */ = {isa = PBXFileReference; lastKnownFileType = sourcecode.swift; path = FavoritosView.swift; sourceTree = "<group>"; };
		8EF398D12AC2384E00DE6ABC /* PerfilView.swift */ = {isa = PBXFileReference; lastKnownFileType = sourcecode.swift; path = PerfilView.swift; sourceTree = "<group>"; };
/* End PBXFileReference section */

/* Begin PBXFrameworksBuildPhase section */
		8EF398B42AC2372400DE6ABC /* Frameworks */ = {
			isa = PBXFrameworksBuildPhase;
			buildActionMask = 2147483647;
			files = (
			);
			runOnlyForDeploymentPostprocessing = 0;
		};
/* End PBXFrameworksBuildPhase section */

/* Begin PBXGroup section */
		8EF398AE2AC2372400DE6ABC = {
			isa = PBXGroup;
			children = (
				8EF398B92AC2372400DE6ABC /* Serizan */,
				8EF398B82AC2372400DE6ABC /* Products */,
			);
			sourceTree = "<group>";
		};
		8EF398B82AC2372400DE6ABC /* Products */ = {
			isa = PBXGroup;
			children = (
				8EF398B72AC2372400DE6ABC /* Serizan.app */,
			);
			name = Products;
			sourceTree = "<group>";
		};
		8EF398B92AC2372400DE6ABC /* Serizan */ = {
			isa = PBXGroup;
			children = (
				8EF398C82AC237F200DE6ABC /* TabBar */,
				8EF398BA2AC2372400DE6ABC /* SerizanApp.swift */,
				8EF398BC2AC2372400DE6ABC /* ContentView.swift */,
				8EF398BE2AC2372700DE6ABC /* Assets.xcassets */,
				8EF398C02AC2372700DE6ABC /* Preview Content */,
			);
			path = Serizan;
			sourceTree = "<group>";
		};
		8EF398C02AC2372700DE6ABC /* Preview Content */ = {
			isa = PBXGroup;
			children = (
				8EF398C12AC2372700DE6ABC /* Preview Assets.xcassets */,
			);
			path = "Preview Content";
			sourceTree = "<group>";
		};
		8EF398C82AC237F200DE6ABC /* TabBar */ = {
			isa = PBXGroup;
			children = (
				8EF398C92AC2380700DE6ABC /* NavegacaoView.swift */,
				8EF398CB2AC2381A00DE6ABC /* HomeView.swift */,
				8EF398CD2AC2382900DE6ABC /* PesquisarView.swift */,
				8EF398CF2AC2383A00DE6ABC /* FavoritosView.swift */,
				8EF398D12AC2384E00DE6ABC /* PerfilView.swift */,
			);
			path = TabBar;
			sourceTree = "<group>";
		};
/* End PBXGroup section */

/* Begin PBXNativeTarget section */
		8EF398B62AC2372400DE6ABC /* Serizan */ = {
			isa = PBXNativeTarget;
			buildConfigurationList = 8EF398C52AC2372700DE6ABC /* Build configuration list for PBXNativeTarget "Serizan" */;
			buildPhases = (
				8EF398B32AC2372400DE6ABC /* Sources */,
				8EF398B42AC2372400DE6ABC /* Frameworks */,
				8EF398B52AC2372400DE6ABC /* Resources */,
			);
			buildRules = (
			);
			dependencies = (
			);
			name = Serizan;
			productName = Serizan;
			productReference = 8EF398B72AC2372400DE6ABC /* Serizan.app */;
			productType = "com.apple.product-type.application";
		};
/* End PBXNativeTarget section */

/* Begin PBXProject section */
		8EF398AF2AC2372400DE6ABC /* Project object */ = {
			isa = PBXProject;
			attributes = {
				BuildIndependentTargetsInParallel = 1;
				LastSwiftUpdateCheck = 1500;
				LastUpgradeCheck = 1500;
				TargetAttributes = {
					8EF398B62AC2372400DE6ABC = {
						CreatedOnToolsVersion = 15.0;
					};
				};
			};
			buildConfigurationList = 8EF398B22AC2372400DE6ABC /* Build configuration list for PBXProject "Serizan" */;
			compatibilityVersion = "Xcode 14.0";
			developmentRegion = en;
			hasScannedForEncodings = 0;
			knownRegions = (
				en,
				Base,
			);
			mainGroup = 8EF398AE2AC2372400DE6ABC;
			productRefGroup = 8EF398B82AC2372400DE6ABC /* Products */;
			projectDirPath = "";
			projectRoot = "";
			targets = (
				8EF398B62AC2372400DE6ABC /* Serizan */,
			);
		};
/* End PBXProject section */

/* Begin PBXResourcesBuildPhase section */
		8EF398B52AC2372400DE6ABC /* Resources */ = {
			isa = PBXResourcesBuildPhase;
			buildActionMask = 2147483647;
			files = (
				8EF398C22AC2372700DE6ABC /* Preview Assets.xcassets in Resources */,
				8EF398BF2AC2372700DE6ABC /* Assets.xcassets in Resources */,
			);
			runOnlyForDeploymentPostprocessing = 0;
		};
/* End PBXResourcesBuildPhase section */

/* Begin PBXSourcesBuildPhase section */
		8EF398B32AC2372400DE6ABC /* Sources */ = {
			isa = PBXSourcesBuildPhase;
			buildActionMask = 2147483647;
			files = (
				8EF398D02AC2383A00DE6ABC /* FavoritosView.swift in Sources */,
				8EF398D22AC2384E00DE6ABC /* PerfilView.swift in Sources */,
				8EF398CE2AC2382900DE6ABC /* PesquisarView.swift in Sources */,
				8EF398CA2AC2380700DE6ABC /* NavegacaoView.swift in Sources */,
				8EF398CC2AC2381A00DE6ABC /* HomeView.swift in Sources */,
				8EF398BD2AC2372400DE6ABC /* ContentView.swift in Sources */,
				8EF398BB2AC2372400DE6ABC /* SerizanApp.swift in Sources */,
			);
			runOnlyForDeploymentPostprocessing = 0;
		};
/* End PBXSourcesBuildPhase section */

/* Begin XCBuildConfiguration section */
		8EF398C32AC2372700DE6ABC /* Debug */ = {
			isa = XCBuildConfiguration;
			buildSettings = {
				ALWAYS_SEARCH_USER_PATHS = NO;
				ASSETCATALOG_COMPILER_GENERATE_SWIFT_ASSET_SYMBOL_EXTENSIONS = YES;
				CLANG_ANALYZER_NONNULL = YES;
				CLANG_ANALYZER_NUMBER_OBJECT_CONVERSION = YES_AGGRESSIVE;
				CLANG_CXX_LANGUAGE_STANDARD = "gnu++20";
				CLANG_ENABLE_MODULES = YES;
				CLANG_ENABLE_OBJC_ARC = YES;
				CLANG_ENABLE_OBJC_WEAK = YES;
				CLANG_WARN_BLOCK_CAPTURE_AUTORELEASING = YES;
				CLANG_WARN_BOOL_CONVERSION = YES;
				CLANG_WARN_COMMA = YES;
				CLANG_WARN_CONSTANT_CONVERSION = YES;
				CLANG_WARN_DEPRECATED_OBJC_IMPLEMENTATIONS = YES;
				CLANG_WARN_DIRECT_OBJC_ISA_USAGE = YES_ERROR;
				CLANG_WARN_DOCUMENTATION_COMMENTS = YES;
				CLANG_WARN_EMPTY_BODY = YES;
				CLANG_WARN_ENUM_CONVERSION = YES;
				CLANG_WARN_INFINITE_RECURSION = YES;
				CLANG_WARN_INT_CONVERSION = YES;
				CLANG_WARN_NON_LITERAL_NULL_CONVERSION = YES;
				CLANG_WARN_OBJC_IMPLICIT_RETAIN_SELF = YES;
				CLANG_WARN_OBJC_LITERAL_CONVERSION = YES;
				CLANG_WARN_OBJC_ROOT_CLASS = YES_ERROR;
				CLANG_WARN_QUOTED_INCLUDE_IN_FRAMEWORK_HEADER = YES;
				CLANG_WARN_RANGE_LOOP_ANALYSIS = YES;
				CLANG_WARN_STRICT_PROTOTYPES = YES;
				CLANG_WARN_SUSPICIOUS_MOVE = YES;
				CLANG_WARN_UNGUARDED_AVAILABILITY = YES_AGGRESSIVE;
				CLANG_WARN_UNREACHABLE_CODE = YES;
				CLANG_WARN__DUPLICATE_METHOD_MATCH = YES;
				COPY_PHASE_STRIP = NO;
				DEBUG_INFORMATION_FORMAT = dwarf;
				ENABLE_STRICT_OBJC_MSGSEND = YES;
				ENABLE_TESTABILITY = YES;
				ENABLE_USER_SCRIPT_SANDBOXING = YES;
				GCC_C_LANGUAGE_STANDARD = gnu17;
				GCC_DYNAMIC_NO_PIC = NO;
				GCC_NO_COMMON_BLOCKS = YES;
				GCC_OPTIMIZATION_LEVEL = 0;
				GCC_PREPROCESSOR_DEFINITIONS = (
					"DEBUG=1",
					"$(inherited)",
				);
				GCC_WARN_64_TO_32_BIT_CONVERSION = YES;
				GCC_WARN_ABOUT_RETURN_TYPE = YES_ERROR;
				GCC_WARN_UNDECLARED_SELECTOR = YES;
				GCC_WARN_UNINITIALIZED_AUTOS = YES_AGGRESSIVE;
				GCC_WARN_UNUSED_FUNCTION = YES;
				GCC_WARN_UNUSED_VARIABLE = YES;
				IPHONEOS_DEPLOYMENT_TARGET = 17.0;
				LOCALIZATION_PREFERS_STRING_CATALOGS = YES;
				MTL_ENABLE_DEBUG_INFO = INCLUDE_SOURCE;
				MTL_FAST_MATH = YES;
				ONLY_ACTIVE_ARCH = YES;
				SDKROOT = iphoneos;
				SWIFT_ACTIVE_COMPILATION_CONDITIONS = "DEBUG $(inherited)";
				SWIFT_OPTIMIZATION_LEVEL = "-Onone";
			};
			name = Debug;
		};
		8EF398C42AC2372700DE6ABC /* Release */ = {
			isa = XCBuildConfiguration;
			buildSettings = {
				ALWAYS_SEARCH_USER_PATHS = NO;
				ASSETCATALOG_COMPILER_GENERATE_SWIFT_ASSET_SYMBOL_EXTENSIONS = YES;
				CLANG_ANALYZER_NONNULL = YES;
				CLANG_ANALYZER_NUMBER_OBJECT_CONVERSION = YES_AGGRESSIVE;
				CLANG_CXX_LANGUAGE_STANDARD = "gnu++20";
				CLANG_ENABLE_MODULES = YES;
				CLANG_ENABLE_OBJC_ARC = YES;
				CLANG_ENABLE_OBJC_WEAK = YES;
				CLANG_WARN_BLOCK_CAPTURE_AUTORELEASING = YES;
				CLANG_WARN_BOOL_CONVERSION = YES;
				CLANG_WARN_COMMA = YES;
				CLANG_WARN_CONSTANT_CONVERSION = YES;
				CLANG_WARN_DEPRECATED_OBJC_IMPLEMENTATIONS = YES;
				CLANG_WARN_DIRECT_OBJC_ISA_USAGE = YES_ERROR;
				CLANG_WARN_DOCUMENTATION_COMMENTS = YES;
				CLANG_WARN_EMPTY_BODY = YES;
				CLANG_WARN_ENUM_CONVERSION = YES;
				CLANG_WARN_INFINITE_RECURSION = YES;
				CLANG_WARN_INT_CONVERSION = YES;
				CLANG_WARN_NON_LITERAL_NULL_CONVERSION = YES;
				CLANG_WARN_OBJC_IMPLICIT_RETAIN_SELF = YES;
				CLANG_WARN_OBJC_LITERAL_CONVERSION = YES;
				CLANG_WARN_OBJC_ROOT_CLASS = YES_ERROR;
				CLANG_WARN_QUOTED_INCLUDE_IN_FRAMEWORK_HEADER = YES;
				CLANG_WARN_RANGE_LOOP_ANALYSIS = YES;
				CLANG_WARN_STRICT_PROTOTYPES = YES;
				CLANG_WARN_SUSPICIOUS_MOVE = YES;
				CLANG_WARN_UNGUARDED_AVAILABILITY = YES_AGGRESSIVE;
				CLANG_WARN_UNREACHABLE_CODE = YES;
				CLANG_WARN__DUPLICATE_METHOD_MATCH = YES;
				COPY_PHASE_STRIP = NO;
				DEBUG_INFORMATION_FORMAT = "dwarf-with-dsym";
				ENABLE_NS_ASSERTIONS = NO;
				ENABLE_STRICT_OBJC_MSGSEND = YES;
				ENABLE_USER_SCRIPT_SANDBOXING = YES;
				GCC_C_LANGUAGE_STANDARD = gnu17;
				GCC_NO_COMMON_BLOCKS = YES;
				GCC_WARN_64_TO_32_BIT_CONVERSION = YES;
				GCC_WARN_ABOUT_RETURN_TYPE = YES_ERROR;
				GCC_WARN_UNDECLARED_SELECTOR = YES;
				GCC_WARN_UNINITIALIZED_AUTOS = YES_AGGRESSIVE;
				GCC_WARN_UNUSED_FUNCTION = YES;
				GCC_WARN_UNUSED_VARIABLE = YES;
				IPHONEOS_DEPLOYMENT_TARGET = 17.0;
				LOCALIZATION_PREFERS_STRING_CATALOGS = YES;
				MTL_ENABLE_DEBUG_INFO = NO;
				MTL_FAST_MATH = YES;
				SDKROOT = iphoneos;
				SWIFT_COMPILATION_MODE = wholemodule;
				VALIDATE_PRODUCT = YES;
			};
			name = Release;
		};
		8EF398C62AC2372700DE6ABC /* Debug */ = {
			isa = XCBuildConfiguration;
			buildSettings = {
				ASSETCATALOG_COMPILER_APPICON_NAME = AppIcon;
				ASSETCATALOG_COMPILER_GLOBAL_ACCENT_COLOR_NAME = AccentColor;
				CODE_SIGN_STYLE = Automatic;
				CURRENT_PROJECT_VERSION = 1;
				DEVELOPMENT_ASSET_PATHS = "\"Serizan/Preview Content\"";
				DEVELOPMENT_TEAM = TJMSZ6N757;
				ENABLE_PREVIEWS = YES;
				GENERATE_INFOPLIST_FILE = YES;
				INFOPLIST_KEY_UIApplicationSceneManifest_Generation = YES;
				INFOPLIST_KEY_UIApplicationSupportsIndirectInputEvents = YES;
				INFOPLIST_KEY_UILaunchScreen_Generation = YES;
				INFOPLIST_KEY_UISupportedInterfaceOrientations_iPad = "UIInterfaceOrientationPortrait UIInterfaceOrientationPortraitUpsideDown UIInterfaceOrientationLandscapeLeft UIInterfaceOrientationLandscapeRight";
				INFOPLIST_KEY_UISupportedInterfaceOrientations_iPhone = "UIInterfaceOrientationPortrait UIInterfaceOrientationLandscapeLeft UIInterfaceOrientationLandscapeRight";
				LD_RUNPATH_SEARCH_PATHS = (
					"$(inherited)",
					"@executable_path/Frameworks",
				);
				MARKETING_VERSION = 1.0;
				PRODUCT_BUNDLE_IDENTIFIER = com.appbrewery.Serizan;
				PRODUCT_NAME = "$(TARGET_NAME)";
				SWIFT_EMIT_LOC_STRINGS = YES;
				SWIFT_VERSION = 5.0;
				TARGETED_DEVICE_FAMILY = "1,2";
			};
			name = Debug;
		};
		8EF398C72AC2372700DE6ABC /* Release */ = {
			isa = XCBuildConfiguration;
			buildSettings = {
				ASSETCATALOG_COMPILER_APPICON_NAME = AppIcon;
				ASSETCATALOG_COMPILER_GLOBAL_ACCENT_COLOR_NAME = AccentColor;
				CODE_SIGN_STYLE = Automatic;
				CURRENT_PROJECT_VERSION = 1;
				DEVELOPMENT_ASSET_PATHS = "\"Serizan/Preview Content\"";
				DEVELOPMENT_TEAM = TJMSZ6N757;
				ENABLE_PREVIEWS = YES;
				GENERATE_INFOPLIST_FILE = YES;
				INFOPLIST_KEY_UIApplicationSceneManifest_Generation = YES;
				INFOPLIST_KEY_UIApplicationSupportsIndirectInputEvents = YES;
				INFOPLIST_KEY_UILaunchScreen_Generation = YES;
				INFOPLIST_KEY_UISupportedInterfaceOrientations_iPad = "UIInterfaceOrientationPortrait UIInterfaceOrientationPortraitUpsideDown UIInterfaceOrientationLandscapeLeft UIInterfaceOrientationLandscapeRight";
				INFOPLIST_KEY_UISupportedInterfaceOrientations_iPhone = "UIInterfaceOrientationPortrait UIInterfaceOrientationLandscapeLeft UIInterfaceOrientationLandscapeRight";
				LD_RUNPATH_SEARCH_PATHS = (
					"$(inherited)",
					"@executable_path/Frameworks",
				);
				MARKETING_VERSION = 1.0;
				PRODUCT_BUNDLE_IDENTIFIER = com.appbrewery.Serizan;
				PRODUCT_NAME = "$(TARGET_NAME)";
				SWIFT_EMIT_LOC_STRINGS = YES;
				SWIFT_VERSION = 5.0;
				TARGETED_DEVICE_FAMILY = "1,2";
			};
			name = Release;
		};
/* End XCBuildConfiguration section */

/* Begin XCConfigurationList section */
		8EF398B22AC2372400DE6ABC /* Build configuration list for PBXProject "Serizan" */ = {
			isa = XCConfigurationList;
			buildConfigurations = (
				8EF398C32AC2372700DE6ABC /* Debug */,
				8EF398C42AC2372700DE6ABC /* Release */,
			);
			defaultConfigurationIsVisible = 0;
			defaultConfigurationName = Release;
		};
		8EF398C52AC2372700DE6ABC /* Build configuration list for PBXNativeTarget "Serizan" */ = {
			isa = XCConfigurationList;
			buildConfigurations = (
				8EF398C62AC2372700DE6ABC /* Debug */,
				8EF398C72AC2372700DE6ABC /* Release */,
			);
			defaultConfigurationIsVisible = 0;
			defaultConfigurationName = Release;
		};
/* End XCConfigurationList section */
	};
	rootObject = 8EF398AF2AC2372400DE6ABC /* Project object */;
}
